
Microsoft Visual Studio Solution File, Format Version 12.00
# Visual Studio Version 16
VisualStudioVersion = 16.0.31729.503
MinimumVisualStudioVersion = 10.0.40219.1
Project("{FAE04EC0-301F-11D3-BF4B-00C04F79EFBC}") = "DTHP-320", "DTHP-320\DTHP-320.csproj", "{FB28A3B6-35DC-4A33-A16D-F586700D8124}"
EndProject
Global
	GlobalSection(SolutionConfigurationPlatforms) = preSolution
		Debug|Any CPU = Debug|Any CPU
		Release|Any CPU = Release|Any CPU
	EndGlobalSection
	GlobalSection(ProjectConfigurationPlatforms) = postSolution
		{FB28A3B6-35DC-4A33-A16D-F586700D8124}.Debug|Any CPU.ActiveCfg = Debug|Any CPU
		{FB28A3B6-35DC-4A33-A16D-F586700D8124}.Debug|Any CPU.Build.0 = Debug|Any CPU
		{FB28A3B6-35DC-4A33-A16D-F586700D8124}.Release|Any CPU.ActiveCfg = Release|Any CPU
		{FB28A3B6-35DC-4A33-A16D-F586700D8124}.Release|Any CPU.Build.0 = Release|Any CPU
	EndGlobalSection
	GlobalSection(SolutionProperties) = preSolution
		HideSolutionNode = FALSE
	EndGlobalSection
	GlobalSection(ExtensibilityGlobals) = postSolution
		SolutionGuid = {5806114E-A435-4352-AE10-D6700822BB16}
	EndGlobalSection
EndGlobal
